
Microsoft Visual Studio Solution File, Format Version 12.00
# Visual Studio Version 17
VisualStudioVersion = 17.13.35818.85 d17.13
MinimumVisualStudioVersion = 10.0.40219.1
Project("{FAE04EC0-301F-11D3-BF4B-00C04F79EFBC}") = "5_lesson_quin_movement", "5_lesson_quin_movement\5_lesson_quin_movement.csproj", "{61440C04-7842-4ECA-A51F-171DEC1D14F3}"
EndProject
Global
	GlobalSection(SolutionConfigurationPlatforms) = preSolution
		Debug|Any CPU = Debug|Any CPU
		Release|Any CPU = Release|Any CPU
	EndGlobalSection
	GlobalSection(ProjectConfigurationPlatforms) = postSolution
		{61440C04-7842-4ECA-A51F-171DEC1D14F3}.Debug|Any CPU.ActiveCfg = Debug|Any CPU
		{61440C04-7842-4ECA-A51F-171DEC1D14F3}.Debug|Any CPU.Build.0 = Debug|Any CPU
		{61440C04-7842-4ECA-A51F-171DEC1D14F3}.Release|Any CPU.ActiveCfg = Release|Any CPU
		{61440C04-7842-4ECA-A51F-171DEC1D14F3}.Release|Any CPU.Build.0 = Release|Any CPU
	EndGlobalSection
	GlobalSection(SolutionProperties) = preSolution
		HideSolutionNode = FALSE
	EndGlobalSection
	GlobalSection(ExtensibilityGlobals) = postSolution
		SolutionGuid = {EB2240B1-13C8-42AD-B880-A5C19C3D583A}
	EndGlobalSection
EndGlobal
