
Microsoft Visual Studio Solution File, Format Version 12.00
# Visual Studio Version 17
VisualStudioVersion = 17.13.35818.85 d17.13
MinimumVisualStudioVersion = 10.0.40219.1
Project("{FAE04EC0-301F-11D3-BF4B-00C04F79EFBC}") = "8_lesson_roots", "8_lesson_roots\8_lesson_roots.csproj", "{EC88B47F-262A-4974-854E-EF2157C4F8F3}"
EndProject
Global
	GlobalSection(SolutionConfigurationPlatforms) = preSolution
		Debug|Any CPU = Debug|Any CPU
		Release|Any CPU = Release|Any CPU
	EndGlobalSection
	GlobalSection(ProjectConfigurationPlatforms) = postSolution
		{EC88B47F-262A-4974-854E-EF2157C4F8F3}.Debug|Any CPU.ActiveCfg = Debug|Any CPU
		{EC88B47F-262A-4974-854E-EF2157C4F8F3}.Debug|Any CPU.Build.0 = Debug|Any CPU
		{EC88B47F-262A-4974-854E-EF2157C4F8F3}.Release|Any CPU.ActiveCfg = Release|Any CPU
		{EC88B47F-262A-4974-854E-EF2157C4F8F3}.Release|Any CPU.Build.0 = Release|Any CPU
	EndGlobalSection
	GlobalSection(SolutionProperties) = preSolution
		HideSolutionNode = FALSE
	EndGlobalSection
	GlobalSection(ExtensibilityGlobals) = postSolution
		SolutionGuid = {C315BB0A-7456-4B48-ADB1-2338A5663892}
	EndGlobalSection
EndGlobal
