
Microsoft Visual Studio Solution File, Format Version 12.00
# Visual Studio Version 17
VisualStudioVersion = 17.13.35825.156 d17.13
MinimumVisualStudioVersion = 10.0.40219.1
Project("{FAE04EC0-301F-11D3-BF4B-00C04F79EFBC}") = "RotateArray", "RotateArray\RotateArray.csproj", "{C01635A5-D4FF-4F8E-ACEF-9113CC1C02DF}"
EndProject
Global
	GlobalSection(SolutionConfigurationPlatforms) = preSolution
		Debug|Any CPU = Debug|Any CPU
		Release|Any CPU = Release|Any CPU
	EndGlobalSection
	GlobalSection(ProjectConfigurationPlatforms) = postSolution
		{C01635A5-D4FF-4F8E-ACEF-9113CC1C02DF}.Debug|Any CPU.ActiveCfg = Debug|Any CPU
		{C01635A5-D4FF-4F8E-ACEF-9113CC1C02DF}.Debug|Any CPU.Build.0 = Debug|Any CPU
		{C01635A5-D4FF-4F8E-ACEF-9113CC1C02DF}.Release|Any CPU.ActiveCfg = Release|Any CPU
		{C01635A5-D4FF-4F8E-ACEF-9113CC1C02DF}.Release|Any CPU.Build.0 = Release|Any CPU
	EndGlobalSection
	GlobalSection(SolutionProperties) = preSolution
		HideSolutionNode = FALSE
	EndGlobalSection
	GlobalSection(ExtensibilityGlobals) = postSolution
		SolutionGuid = {FB5D8AAE-CAEE-4016-8E74-A801ED8E87CF}
	EndGlobalSection
EndGlobal
