
Microsoft Visual Studio Solution File, Format Version 12.00
# Visual Studio Version 17
VisualStudioVersion = 17.13.35828.75 d17.13
MinimumVisualStudioVersion = 10.0.40219.1
Project("{FAE04EC0-301F-11D3-BF4B-00C04F79EFBC}") = "22_lesson_Remove_Element", "22_lesson_Remove_Element\22_lesson_Remove_Element.csproj", "{02DBC672-6692-458C-8636-D213DCAB7AE0}"
EndProject
Global
	GlobalSection(SolutionConfigurationPlatforms) = preSolution
		Debug|Any CPU = Debug|Any CPU
		Release|Any CPU = Release|Any CPU
	EndGlobalSection
	GlobalSection(ProjectConfigurationPlatforms) = postSolution
		{02DBC672-6692-458C-8636-D213DCAB7AE0}.Debug|Any CPU.ActiveCfg = Debug|Any CPU
		{02DBC672-6692-458C-8636-D213DCAB7AE0}.Debug|Any CPU.Build.0 = Debug|Any CPU
		{02DBC672-6692-458C-8636-D213DCAB7AE0}.Release|Any CPU.ActiveCfg = Release|Any CPU
		{02DBC672-6692-458C-8636-D213DCAB7AE0}.Release|Any CPU.Build.0 = Release|Any CPU
	EndGlobalSection
	GlobalSection(SolutionProperties) = preSolution
		HideSolutionNode = FALSE
	EndGlobalSection
	GlobalSection(ExtensibilityGlobals) = postSolution
		SolutionGuid = {7D4908B4-B5C7-44A9-928A-B82B9AE04747}
	EndGlobalSection
EndGlobal
