
Microsoft Visual Studio Solution File, Format Version 12.00
# Visual Studio Version 17
VisualStudioVersion = 17.13.35825.156 d17.13
MinimumVisualStudioVersion = 10.0.40219.1
Project("{FAE04EC0-301F-11D3-BF4B-00C04F79EFBC}") = "25_lesson_Find_All_Numbers_Disappeared_in_an_Array", "25_lesson_Find_All_Numbers_Disappeared_in_an_Array\25_lesson_Find_All_Numbers_Disappeared_in_an_Array.csproj", "{382B80A3-D468-45D7-BB8A-F07FA838A9E2}"
EndProject
Global
	GlobalSection(SolutionConfigurationPlatforms) = preSolution
		Debug|Any CPU = Debug|Any CPU
		Release|Any CPU = Release|Any CPU
	EndGlobalSection
	GlobalSection(ProjectConfigurationPlatforms) = postSolution
		{382B80A3-D468-45D7-BB8A-F07FA838A9E2}.Debug|Any CPU.ActiveCfg = Debug|Any CPU
		{382B80A3-D468-45D7-BB8A-F07FA838A9E2}.Debug|Any CPU.Build.0 = Debug|Any CPU
		{382B80A3-D468-45D7-BB8A-F07FA838A9E2}.Release|Any CPU.ActiveCfg = Release|Any CPU
		{382B80A3-D468-45D7-BB8A-F07FA838A9E2}.Release|Any CPU.Build.0 = Release|Any CPU
	EndGlobalSection
	GlobalSection(SolutionProperties) = preSolution
		HideSolutionNode = FALSE
	EndGlobalSection
	GlobalSection(ExtensibilityGlobals) = postSolution
		SolutionGuid = {F28D9CEA-38C3-4E9F-BEF5-C7037B6F0F43}
	EndGlobalSection
EndGlobal
