
Microsoft Visual Studio Solution File, Format Version 12.00
# Visual Studio Version 17
VisualStudioVersion = 17.13.35825.156 d17.13
MinimumVisualStudioVersion = 10.0.40219.1
Project("{FAE04EC0-301F-11D3-BF4B-00C04F79EFBC}") = "11_lesson_Max_Consecutive_Ones", "11_lesson_Max_Consecutive_Ones\11_lesson_Max_Consecutive_Ones.csproj", "{4A0199DE-7288-42EC-89A1-A19418779391}"
EndProject
Global
	GlobalSection(SolutionConfigurationPlatforms) = preSolution
		Debug|Any CPU = Debug|Any CPU
		Release|Any CPU = Release|Any CPU
	EndGlobalSection
	GlobalSection(ProjectConfigurationPlatforms) = postSolution
		{4A0199DE-7288-42EC-89A1-A19418779391}.Debug|Any CPU.ActiveCfg = Debug|Any CPU
		{4A0199DE-7288-42EC-89A1-A19418779391}.Debug|Any CPU.Build.0 = Debug|Any CPU
		{4A0199DE-7288-42EC-89A1-A19418779391}.Release|Any CPU.ActiveCfg = Release|Any CPU
		{4A0199DE-7288-42EC-89A1-A19418779391}.Release|Any CPU.Build.0 = Release|Any CPU
	EndGlobalSection
	GlobalSection(SolutionProperties) = preSolution
		HideSolutionNode = FALSE
	EndGlobalSection
	GlobalSection(ExtensibilityGlobals) = postSolution
		SolutionGuid = {BE6C55C4-13FC-4811-983B-0705E62A0553}
	EndGlobalSection
EndGlobal
