
Microsoft Visual Studio Solution File, Format Version 12.00
# Visual Studio Version 17
VisualStudioVersion = 17.13.35825.156 d17.13
MinimumVisualStudioVersion = 10.0.40219.1
Project("{FAE04EC0-301F-11D3-BF4B-00C04F79EFBC}") = "AddBinary", "AddBinary\AddBinary.csproj", "{F6650193-1843-49CB-8AC3-F4812E78C7A1}"
EndProject
Global
	GlobalSection(SolutionConfigurationPlatforms) = preSolution
		Debug|Any CPU = Debug|Any CPU
		Release|Any CPU = Release|Any CPU
	EndGlobalSection
	GlobalSection(ProjectConfigurationPlatforms) = postSolution
		{F6650193-1843-49CB-8AC3-F4812E78C7A1}.Debug|Any CPU.ActiveCfg = Debug|Any CPU
		{F6650193-1843-49CB-8AC3-F4812E78C7A1}.Debug|Any CPU.Build.0 = Debug|Any CPU
		{F6650193-1843-49CB-8AC3-F4812E78C7A1}.Release|Any CPU.ActiveCfg = Release|Any CPU
		{F6650193-1843-49CB-8AC3-F4812E78C7A1}.Release|Any CPU.Build.0 = Release|Any CPU
	EndGlobalSection
	GlobalSection(SolutionProperties) = preSolution
		HideSolutionNode = FALSE
	EndGlobalSection
	GlobalSection(ExtensibilityGlobals) = postSolution
		SolutionGuid = {94EAAC20-5B38-4E41-8B6B-7B983EEC110A}
	EndGlobalSection
EndGlobal
