
Microsoft Visual Studio Solution File, Format Version 12.00
# Visual Studio Version 17
VisualStudioVersion = 17.13.35825.156 d17.13
MinimumVisualStudioVersion = 10.0.40219.1
Project("{FAE04EC0-301F-11D3-BF4B-00C04F79EFBC}") = "26_lesson_Squares_of_a_Sorted_Array", "26_lesson_Squares_of_a_Sorted_Array\26_lesson_Squares_of_a_Sorted_Array.csproj", "{3C35C756-0D90-434E-A784-EF20B77FAC50}"
EndProject
Global
	GlobalSection(SolutionConfigurationPlatforms) = preSolution
		Debug|Any CPU = Debug|Any CPU
		Release|Any CPU = Release|Any CPU
	EndGlobalSection
	GlobalSection(ProjectConfigurationPlatforms) = postSolution
		{3C35C756-0D90-434E-A784-EF20B77FAC50}.Debug|Any CPU.ActiveCfg = Debug|Any CPU
		{3C35C756-0D90-434E-A784-EF20B77FAC50}.Debug|Any CPU.Build.0 = Debug|Any CPU
		{3C35C756-0D90-434E-A784-EF20B77FAC50}.Release|Any CPU.ActiveCfg = Release|Any CPU
		{3C35C756-0D90-434E-A784-EF20B77FAC50}.Release|Any CPU.Build.0 = Release|Any CPU
	EndGlobalSection
	GlobalSection(SolutionProperties) = preSolution
		HideSolutionNode = FALSE
	EndGlobalSection
	GlobalSection(ExtensibilityGlobals) = postSolution
		SolutionGuid = {C78A363B-E2EC-44B6-9149-0C27544745AE}
	EndGlobalSection
EndGlobal
