
Microsoft Visual Studio Solution File, Format Version 12.00
# Visual Studio Version 17
VisualStudioVersion = 17.13.35825.156 d17.13
MinimumVisualStudioVersion = 10.0.40219.1
Project("{FAE04EC0-301F-11D3-BF4B-00C04F79EFBC}") = "MinSizeSubArSum", "MinSizeSubArSum\MinSizeSubArSum.csproj", "{B83790F1-4BCB-4973-B7B1-415B6345308E}"
EndProject
Global
	GlobalSection(SolutionConfigurationPlatforms) = preSolution
		Debug|Any CPU = Debug|Any CPU
		Release|Any CPU = Release|Any CPU
	EndGlobalSection
	GlobalSection(ProjectConfigurationPlatforms) = postSolution
		{B83790F1-4BCB-4973-B7B1-415B6345308E}.Debug|Any CPU.ActiveCfg = Debug|Any CPU
		{B83790F1-4BCB-4973-B7B1-415B6345308E}.Debug|Any CPU.Build.0 = Debug|Any CPU
		{B83790F1-4BCB-4973-B7B1-415B6345308E}.Release|Any CPU.ActiveCfg = Release|Any CPU
		{B83790F1-4BCB-4973-B7B1-415B6345308E}.Release|Any CPU.Build.0 = Release|Any CPU
	EndGlobalSection
	GlobalSection(SolutionProperties) = preSolution
		HideSolutionNode = FALSE
	EndGlobalSection
	GlobalSection(ExtensibilityGlobals) = postSolution
		SolutionGuid = {83C7374C-78DA-4BCB-AF54-F722A8EB518A}
	EndGlobalSection
EndGlobal
